{
  "name": "@memberjunction/secure-messaging-bootstrap",
  "version": "1.0.0",
  "lockfileVersion": 3,
  "requires": true,
  "packages": {
    "": {
      "name": "@memberjunction/secure-messaging-bootstrap",
      "version": "1.0.0",
      "dependencies": {
        "@memberjunction/core": "^5.1.0",
        "@memberjunction/secure-messaging-server": "file:../server"
      },
      "devDependencies": {
        "typescript": "^5.4.5"
      }
    },
    "../server": {
      "name": "@memberjunction/secure-messaging-server",
      "version": "1.0.0",
      "dependencies": {
        "@memberjunction/communication-types": "^5.1.0",
        "@memberjunction/core": "^5.1.0",
        "@memberjunction/global": "^5.1.0",
        "@memberjunction/server": "^5.1.0",
        "express": "^5.1.0"
      },
      "devDependencies": {
        "@types/express": "^5.0.0",
        "@types/node": "^22.0.0",
        "typescript": "^5.4.5"
      }
    },
    "node_modules/@memberjunction/core": {
      "version": "5.2.0",
      "resolved": "https://registry.npmjs.org/@memberjunction/core/-/core-5.2.0.tgz",
      "integrity": "sha512-wNq8iErqJrb16iXHyv+PR0Ri6tTrTlVrz3SVw1sVXlqKYNyyQJshKsGH26JeSN1evPGKjImN2m5DUWVh2S0PJw==",
      "license": "ISC",
      "dependencies": {
        "@memberjunction/global": "5.2.0",
        "debug": "^4.4.3",
        "rxjs": "^7.8.2",
        "zod": "~3.24.4"
      }
    },
    "node_modules/@memberjunction/global": {
      "version": "5.2.0",
      "resolved": "https://registry.npmjs.org/@memberjunction/global/-/global-5.2.0.tgz",
      "integrity": "sha512-C+C+SEJbEOCpRZvwjVKcfXCuA0TBsQj/Lh7I4IOAGfsSn0cDkEb7zyLCuSMne6RuqefC42/E9gQdH0dFYcxN8w==",
      "license": "ISC",
      "dependencies": {
        "lodash": "^4.17.23",
        "rxjs": "^7.8.2",
        "uuid": "^13.0.0"
      }
    },
    "node_modules/@memberjunction/secure-messaging-server": {
      "resolved": "../server",
      "link": true
    },
    "node_modules/debug": {
      "version": "4.4.3",
      "resolved": "https://registry.npmjs.org/debug/-/debug-4.4.3.tgz",
      "integrity": "sha512-RGwwWnwQvkVfavKVt22FGLw+xYSdzARwm0ru6DhTVA3umU5hZc28V3kO4stgYryrTlLpuvgI9GiijltAjNbcqA==",
      "license": "MIT",
      "dependencies": {
        "ms": "^2.1.3"
      },
      "engines": {
        "node": ">=6.0"
      },
      "peerDependenciesMeta": {
        "supports-color": {
          "optional": true
        }
      }
    },
    "node_modules/lodash": {
      "version": "4.17.23",
      "resolved": "https://registry.npmjs.org/lodash/-/lodash-4.17.23.tgz",
      "integrity": "sha512-LgVTMpQtIopCi79SJeDiP0TfWi5CNEc/L/aRdTh3yIvmZXTnheWpKjSZhnvMl8iXbC1tFg9gdHHDMLoV7CnG+w==",
      "license": "MIT"
    },
    "node_modules/ms": {
      "version": "2.1.3",
      "resolved": "https://registry.npmjs.org/ms/-/ms-2.1.3.tgz",
      "integrity": "sha512-6FlzubTLZG3J2a/NVCAleEhjzq5oxgHyaCU9yYXvcLsvoVaHJq/s5xXI6/XXP6tz7R9xAOtHnSO/tXtF3WRTlA==",
      "license": "MIT"
    },
    "node_modules/rxjs": {
      "version": "7.8.2",
      "resolved": "https://registry.npmjs.org/rxjs/-/rxjs-7.8.2.tgz",
      "integrity": "sha512-dhKf903U/PQZY6boNNtAGdWbG85WAbjT/1xYoZIC7FAY0yWapOBQVsVrDl58W86//e1VpMNBtRV4MaXfdMySFA==",
      "license": "Apache-2.0",
      "dependencies": {
        "tslib": "^2.1.0"
      }
    },
    "node_modules/tslib": {
      "version": "2.8.1",
      "resolved": "https://registry.npmjs.org/tslib/-/tslib-2.8.1.tgz",
      "integrity": "sha512-oJFu94HQb+KVduSUQL7wnpmqnfmLsOA/nAh6b6EH0wCEoK0/mPeXU6c3wKDV83MkOuHPRHtSXKKU99IBazS/2w==",
      "license": "0BSD"
    },
    "node_modules/typescript": {
      "version": "5.9.3",
      "resolved": "https://registry.npmjs.org/typescript/-/typescript-5.9.3.tgz",
      "integrity": "sha512-jl1vZzPDinLr9eUt3J/t7V6FgNEw9QjvBPdysz9KfQDD41fQrC2Y4vKQdiaUpFT4bXlb1RHhLpp8wtm6M5TgSw==",
      "dev": true,
      "license": "Apache-2.0",
      "bin": {
        "tsc": "bin/tsc",
        "tsserver": "bin/tsserver"
      },
      "engines": {
        "node": ">=14.17"
      }
    },
    "node_modules/uuid": {
      "version": "13.0.0",
      "resolved": "https://registry.npmjs.org/uuid/-/uuid-13.0.0.tgz",
      "integrity": "sha512-XQegIaBTVUjSHliKqcnFqYypAd4S+WCYt5NIeRs6w/UAry7z8Y9j5ZwRRL4kzq9U3sD6v+85er9FvkEaBpji2w==",
      "funding": [
        "https://github.com/sponsors/broofa",
        "https://github.com/sponsors/ctavan"
      ],
      "license": "MIT",
      "bin": {
        "uuid": "dist-node/bin/uuid"
      }
    },
    "node_modules/zod": {
      "version": "3.24.4",
      "resolved": "https://registry.npmjs.org/zod/-/zod-3.24.4.tgz",
      "integrity": "sha512-OdqJE9UDRPwWsrHjLN2F8bPxvwJBK22EHLWtanu0LSYr5YqzsaaW3RMgmjwr8Rypg5k+meEJdSPXJZXE/yqOMg==",
      "license": "MIT",
      "funding": {
        "url": "https://github.com/sponsors/colinhacks"
      }
    }
  }
}
