{
  "name": "@memberjunction/ng-secure-messaging-bootstrap",
  "version": "1.0.0",
  "lockfileVersion": 3,
  "requires": true,
  "packages": {
    "": {
      "name": "@memberjunction/ng-secure-messaging-bootstrap",
      "version": "1.0.0",
      "dependencies": {
        "@memberjunction/core": "^5.1.0",
        "@memberjunction/core-entities": "^5.1.0",
        "@memberjunction/global": "^5.1.0"
      },
      "devDependencies": {
        "@angular/common": "^21.0.0",
        "@angular/core": "^21.0.0",
        "@angular/forms": "^21.0.0",
        "@angular/platform-browser": "^21.0.0",
        "@memberjunction/core": "^5.1.0",
        "@memberjunction/core-entities": "^5.1.0",
        "@memberjunction/global": "^5.1.0",
        "@memberjunction/ng-shared": "^5.1.0",
        "typescript": "^5.4.5"
      },
      "peerDependencies": {
        "@angular/common": ">=21.0.0",
        "@angular/core": ">=21.0.0",
        "@memberjunction/ng-shared": "^5.1.0"
      }
    },
    "node_modules/@angular/common": {
      "version": "21.2.0",
      "resolved": "https://registry.npmjs.org/@angular/common/-/common-21.2.0.tgz",
      "integrity": "sha512-6zJMPi0i/XDniEgv3/t2BjuDHiOG44lgIR5PYyxqGpgJ0kqB5hku/0TuentNEi1VnBYgthnfhjek7c+lakXmhw==",
      "dev": true,
      "license": "MIT",
      "dependencies": {
        "tslib": "^2.3.0"
      },
      "engines": {
        "node": "^20.19.0 || ^22.12.0 || >=24.0.0"
      },
      "peerDependencies": {
        "@angular/core": "21.2.0",
        "rxjs": "^6.5.3 || ^7.4.0"
      }
    },
    "node_modules/@angular/core": {
      "version": "21.2.0",
      "resolved": "https://registry.npmjs.org/@angular/core/-/core-21.2.0.tgz",
      "integrity": "sha512-VnTbmZq3g3Q+s3nCZ8VUDMLjMezOg/bqUxAJ/DrRWCrEcTP5JO3mrNPs3FHj+qlB0T+BQP7uQv6QTzPVKybwoA==",
      "dev": true,
      "license": "MIT",
      "dependencies": {
        "tslib": "^2.3.0"
      },
      "engines": {
        "node": "^20.19.0 || ^22.12.0 || >=24.0.0"
      },
      "peerDependencies": {
        "@angular/compiler": "21.2.0",
        "rxjs": "^6.5.3 || ^7.4.0",
        "zone.js": "~0.15.0 || ~0.16.0"
      },
      "peerDependenciesMeta": {
        "@angular/compiler": {
          "optional": true
        },
        "zone.js": {
          "optional": true
        }
      }
    },
    "node_modules/@angular/forms": {
      "version": "21.2.0",
      "resolved": "https://registry.npmjs.org/@angular/forms/-/forms-21.2.0.tgz",
      "integrity": "sha512-NduUtPWLauH/FLayEDkLyaKAGqKzXbcfO7468LOWCXN3crhNVQyIWRQPOUcdpoJwDAGLpN85m3DhJhXNnA9c5w==",
      "dev": true,
      "license": "MIT",
      "dependencies": {
        "@standard-schema/spec": "^1.0.0",
        "tslib": "^2.3.0"
      },
      "engines": {
        "node": "^20.19.0 || ^22.12.0 || >=24.0.0"
      },
      "peerDependencies": {
        "@angular/common": "21.2.0",
        "@angular/core": "21.2.0",
        "@angular/platform-browser": "21.2.0",
        "rxjs": "^6.5.3 || ^7.4.0"
      }
    },
    "node_modules/@angular/platform-browser": {
      "version": "21.2.0",
      "resolved": "https://registry.npmjs.org/@angular/platform-browser/-/platform-browser-21.2.0.tgz",
      "integrity": "sha512-IUGukpvvT2B5Dl76qzk6rY7UIHUT9u4BhT2AwVz+5JqcX9KwQtYD17Gt7wj6bvIgCXKWG+CfN8Zd9DECOCYWjg==",
      "dev": true,
      "license": "MIT",
      "dependencies": {
        "tslib": "^2.3.0"
      },
      "engines": {
        "node": "^20.19.0 || ^22.12.0 || >=24.0.0"
      },
      "peerDependencies": {
        "@angular/animations": "21.2.0",
        "@angular/common": "21.2.0",
        "@angular/core": "21.2.0"
      },
      "peerDependenciesMeta": {
        "@angular/animations": {
          "optional": true
        }
      }
    },
    "node_modules/@esbuild/win32-x64": {
      "version": "0.24.0",
      "resolved": "https://registry.npmjs.org/@esbuild/win32-x64/-/win32-x64-0.24.0.tgz",
      "integrity": "sha512-7IAFPrjSQIJrGsK6flwg7NFmwBoSTyF3rl7If0hNUFQU4ilTsEPL6GuMuU9BfIWVVGuRnuIidkSMC+c0Otu8IA==",
      "cpu": [
        "x64"
      ],
      "dev": true,
      "license": "MIT",
      "optional": true,
      "os": [
        "win32"
      ],
      "engines": {
        "node": ">=18"
      }
    },
    "node_modules/@graphql-typed-document-node/core": {
      "version": "3.2.0",
      "resolved": "https://registry.npmjs.org/@graphql-typed-document-node/core/-/core-3.2.0.tgz",
      "integrity": "sha512-mB9oAsNCm9aM3/SOv4YtBMqZbYj10R7dkq8byBqxGY/ncFwhf2oQzMV+LCRlWoDSEBJ3COiR1yeDvMtsoOsuFQ==",
      "dev": true,
      "license": "MIT",
      "peerDependencies": {
        "graphql": "^0.8.0 || ^0.9.0 || ^0.10.0 || ^0.11.0 || ^0.12.0 || ^0.13.0 || ^14.0.0 || ^15.0.0 || ^16.0.0 || ^17.0.0"
      }
    },
    "node_modules/@memberjunction/actions-base": {
      "version": "5.3.1",
      "resolved": "https://registry.npmjs.org/@memberjunction/actions-base/-/actions-base-5.3.1.tgz",
      "integrity": "sha512-XmA+nEnrTK9aWO71jEJJBCJTO1dzaqxDKj9osmAHcpSrxIubKHgbd5LIfRtJbWlGupC9HbBltwNTHkW4apX01g==",
      "dev": true,
      "license": "ISC",
      "dependencies": {
        "@memberjunction/core": "5.3.1",
        "@memberjunction/core-entities": "5.3.1",
        "@memberjunction/global": "5.3.1"
      }
    },
    "node_modules/@memberjunction/ai": {
      "version": "5.3.1",
      "resolved": "https://registry.npmjs.org/@memberjunction/ai/-/ai-5.3.1.tgz",
      "integrity": "sha512-tYRqMk1qStAO5U+oBP9swM0XZM9mfShG0QgtNeqCGNmwuibBsPYMulWAn6Bx4xWMYWFn2HGx9P63eF/WvH/ykA==",
      "dev": true,
      "license": "ISC",
      "dependencies": {
        "@memberjunction/global": "5.3.1",
        "dotenv": "^17.2.4",
        "rxjs": "^7.8.2"
      }
    },
    "node_modules/@memberjunction/ai-core-plus": {
      "version": "5.3.1",
      "resolved": "https://registry.npmjs.org/@memberjunction/ai-core-plus/-/ai-core-plus-5.3.1.tgz",
      "integrity": "sha512-5qtK+2+iXTLjG1nE0suNuS7E679SwELYYL/+R7KNm+TCMIfV1VTApbf4bLS6fCxLNBMPtTInbj7jjr1JIOrHIQ==",
      "dev": true,
      "license": "ISC",
      "dependencies": {
        "@memberjunction/actions-base": "5.3.1",
        "@memberjunction/ai": "5.3.1",
        "@memberjunction/core": "5.3.1",
        "@memberjunction/core-entities": "5.3.1",
        "@memberjunction/global": "5.3.1",
        "@memberjunction/templates-base-types": "5.3.1",
        "date-fns": "^4.1.0",
        "date-fns-tz": "^3.2.0",
        "dotenv": "^17.2.4",
        "rxjs": "^7.8.2"
      }
    },
    "node_modules/@memberjunction/ai-engine-base": {
      "version": "5.3.1",
      "resolved": "https://registry.npmjs.org/@memberjunction/ai-engine-base/-/ai-engine-base-5.3.1.tgz",
      "integrity": "sha512-F4NYI/6S6TfMZ+4yB95zFbq+riH1rTb0E2xzUHK0y+Eqt21qezugNK8JCzf2UFZQgXPgiJd7QU1D2DSNtF98bA==",
      "dev": true,
      "license": "ISC",
      "dependencies": {
        "@memberjunction/ai": "5.3.1",
        "@memberjunction/ai-core-plus": "5.3.1",
        "@memberjunction/core": "5.3.1",
        "@memberjunction/core-entities": "5.3.1",
        "@memberjunction/global": "5.3.1",
        "@memberjunction/templates-base-types": "5.3.1",
        "dotenv": "^17.2.4",
        "rxjs": "^7.8.2"
      }
    },
    "node_modules/@memberjunction/ai-vectors-memory": {
      "version": "5.3.1",
      "resolved": "https://registry.npmjs.org/@memberjunction/ai-vectors-memory/-/ai-vectors-memory-5.3.1.tgz",
      "integrity": "sha512-Rs9kR1X68NXan6VlkshoGAqFsCrbFWRL3zSXqTZtAl8GpnIpojji9rujlcG7MfvdZnrGfzEROQNeKXX0JbCwsw==",
      "dev": true,
      "license": "ISC",
      "dependencies": {
        "@memberjunction/core": "5.3.1",
        "@memberjunction/global": "5.3.1"
      }
    },
    "node_modules/@memberjunction/communication-types": {
      "version": "5.3.1",
      "resolved": "https://registry.npmjs.org/@memberjunction/communication-types/-/communication-types-5.3.1.tgz",
      "integrity": "sha512-X/no2h/q/YcEUCsq/9KPUU24VwerZyXBtNn2GebU3IjXkcc7O1RsQlM/ksFCBp5yw0bv7Le+u3ESO79nVNg3jQ==",
      "dev": true,
      "license": "ISC",
      "dependencies": {
        "@memberjunction/core": "5.3.1",
        "@memberjunction/core-entities": "5.3.1",
        "@memberjunction/global": "5.3.1",
        "@memberjunction/templates-base-types": "5.3.1",
        "rxjs": "^7.8.2"
      }
    },
    "node_modules/@memberjunction/core": {
      "version": "5.3.1",
      "resolved": "https://registry.npmjs.org/@memberjunction/core/-/core-5.3.1.tgz",
      "integrity": "sha512-KKnZa8TlH8eAGH/fE6G/2wjwDLhplTZQM06PjlQn3/oE7EKYUERb6TM0WugL92QjfRoc4enrvs2VYgb9Q2vPSg==",
      "dev": true,
      "license": "ISC",
      "dependencies": {
        "@memberjunction/global": "5.3.1",
        "debug": "^4.4.3",
        "rxjs": "^7.8.2",
        "zod": "~3.24.4"
      }
    },
    "node_modules/@memberjunction/core-entities": {
      "version": "5.3.1",
      "resolved": "https://registry.npmjs.org/@memberjunction/core-entities/-/core-entities-5.3.1.tgz",
      "integrity": "sha512-7P8pqGyeHTZtxE+8/uFqZw4OnTehs0tMgI+nRe3Vz6GzInn+4PVAl25x7VHDJCkt8PEm07o7Vv8+Kmt1C8ZrbA==",
      "dev": true,
      "license": "ISC",
      "dependencies": {
        "@memberjunction/ai": "5.3.1",
        "@memberjunction/core": "5.3.1",
        "@memberjunction/global": "5.3.1",
        "@memberjunction/interactive-component-types": "5.3.1",
        "zod": "~3.24.4"
      }
    },
    "node_modules/@memberjunction/entity-communications-base": {
      "version": "5.3.1",
      "resolved": "https://registry.npmjs.org/@memberjunction/entity-communications-base/-/entity-communications-base-5.3.1.tgz",
      "integrity": "sha512-uGOuq7HLXn2Af4LsR0IK2nvvK9+P+CyHR+ezTQidDwSVI1AnbGSxWfc+eSa15Qkw7ZcrUZS/xSvgJ5eTc92saQ==",
      "dev": true,
      "license": "ISC",
      "dependencies": {
        "@memberjunction/communication-types": "5.3.1",
        "@memberjunction/core": "5.3.1",
        "@memberjunction/core-entities": "5.3.1",
        "@memberjunction/global": "5.3.1"
      }
    },
    "node_modules/@memberjunction/global": {
      "version": "5.3.1",
      "resolved": "https://registry.npmjs.org/@memberjunction/global/-/global-5.3.1.tgz",
      "integrity": "sha512-khCF+QWelO4f5HvO5SCwi6JL2duc/4kvgAz+qON3FwK2AitClBk/yFWYNMY2IZonAOyj0gHXnFRuovA7SfU3aw==",
      "dev": true,
      "license": "ISC",
      "dependencies": {
        "lodash": "^4.17.23",
        "rxjs": "^7.8.2",
        "uuid": "^13.0.0"
      }
    },
    "node_modules/@memberjunction/graphql-dataprovider": {
      "version": "5.3.1",
      "resolved": "https://registry.npmjs.org/@memberjunction/graphql-dataprovider/-/graphql-dataprovider-5.3.1.tgz",
      "integrity": "sha512-4EYXoY3jzOmjlEC8VNbqsYtuc2lW98ieEg93g+RTd3/2AV1KDmXiYbVYJ69dILCHGkrTXfcmJXo8n8993PQkyA==",
      "dev": true,
      "license": "ISC",
      "dependencies": {
        "@memberjunction/actions-base": "5.3.1",
        "@memberjunction/ai-core-plus": "5.3.1",
        "@memberjunction/core": "5.3.1",
        "@memberjunction/core-entities": "5.3.1",
        "@memberjunction/global": "5.3.1",
        "@memberjunction/interactive-component-types": "5.3.1",
        "@tempfix/idb": "^8.0.3",
        "graphql": "^16.12.0",
        "graphql-request": "^7.4.0",
        "graphql-ws": "^6.0.7",
        "rxjs": "^7.8.2",
        "uuid": "^13.0.0"
      },
      "optionalDependencies": {
        "@esbuild/win32-x64": "0.24.0",
        "@rollup/rollup-linux-x64-gnu": "4.17.2"
      }
    },
    "node_modules/@memberjunction/interactive-component-types": {
      "version": "5.3.1",
      "resolved": "https://registry.npmjs.org/@memberjunction/interactive-component-types/-/interactive-component-types-5.3.1.tgz",
      "integrity": "sha512-CcOcDLdzhrnu2JDTK5hpcGiQaTImfbBjMl5rJZg2Im3MJW31LpeGUMqfrlCWEZ+Iev0W7+kMQepH1J3kQc81sg==",
      "dev": true,
      "license": "ISC",
      "dependencies": {
        "@memberjunction/ai-vectors-memory": "5.3.1",
        "@memberjunction/core": "5.3.1"
      }
    },
    "node_modules/@memberjunction/ng-base-application": {
      "version": "5.3.1",
      "resolved": "https://registry.npmjs.org/@memberjunction/ng-base-application/-/ng-base-application-5.3.1.tgz",
      "integrity": "sha512-CEb1///GQvQF3E36EsipFns51p7DmIRDRkQoNXvq/W/ZmS74NbSkBKcF7DObd3XRty1f3Ll03b7RRtRs0iAujQ==",
      "dev": true,
      "license": "ISC",
      "dependencies": {
        "@memberjunction/core": "5.3.1",
        "@memberjunction/core-entities": "5.3.1",
        "@memberjunction/global": "5.3.1",
        "golden-layout": "^2.6.0",
        "rxjs": "~7.8.2",
        "tslib": "^2.8.1"
      },
      "peerDependencies": {
        "@angular/common": "21.1.3",
        "@angular/core": "21.1.3"
      }
    },
    "node_modules/@memberjunction/ng-base-types": {
      "version": "5.3.1",
      "resolved": "https://registry.npmjs.org/@memberjunction/ng-base-types/-/ng-base-types-5.3.1.tgz",
      "integrity": "sha512-qD/0cdRM8FsQRkjShcIxA4ZQORGrJqp8ZkuQ0aiqaOtUrqQNUznabr54qEExXGj2s3Oa0Ms9xbiS5KOYHjA2eQ==",
      "dev": true,
      "license": "ISC",
      "dependencies": {
        "@memberjunction/core": "5.3.1",
        "@memberjunction/core-entities": "5.3.1",
        "@memberjunction/global": "5.3.1",
        "tslib": "^2.8.1"
      },
      "peerDependencies": {
        "@angular/common": "21.1.3",
        "@angular/core": "21.1.3"
      }
    },
    "node_modules/@memberjunction/ng-notifications": {
      "version": "5.3.1",
      "resolved": "https://registry.npmjs.org/@memberjunction/ng-notifications/-/ng-notifications-5.3.1.tgz",
      "integrity": "sha512-BCxChetldwwS4mt2YSk1tl9zxhWx9vFpYil+CPIq54uKg/8TNkN839gYalgbRKer2+/HM+hXRI8eph6wtfpLvg==",
      "dev": true,
      "license": "ISC",
      "dependencies": {
        "@memberjunction/core": "5.3.1",
        "@memberjunction/core-entities": "5.3.1",
        "@memberjunction/global": "5.3.1",
        "@memberjunction/graphql-dataprovider": "5.3.1",
        "rxjs": "^7.8.2",
        "tslib": "^2.8.1"
      },
      "peerDependencies": {
        "@angular/common": "21.1.3",
        "@angular/core": "21.1.3",
        "@progress/kendo-angular-notification": "22.0.1"
      }
    },
    "node_modules/@memberjunction/ng-shared": {
      "version": "5.3.1",
      "resolved": "https://registry.npmjs.org/@memberjunction/ng-shared/-/ng-shared-5.3.1.tgz",
      "integrity": "sha512-Y9CuClSHKI4D8WXrMUG6og5Q1NNrY+YF4iHa5s1yCjmT3b6bmOCdD6JEnNwB2UfxVuiraBtRkpVzK09952CWOA==",
      "dev": true,
      "license": "ISC",
      "dependencies": {
        "@angular/platform-browser": "21.1.3",
        "@memberjunction/ai-engine-base": "5.3.1",
        "@memberjunction/core": "5.3.1",
        "@memberjunction/core-entities": "5.3.1",
        "@memberjunction/entity-communications-base": "5.3.1",
        "@memberjunction/global": "5.3.1",
        "@memberjunction/graphql-dataprovider": "5.3.1",
        "@memberjunction/ng-base-application": "5.3.1",
        "@memberjunction/ng-base-types": "5.3.1",
        "@memberjunction/ng-notifications": "5.3.1",
        "@memberjunction/ng-shared-generic": "5.3.1",
        "@progress/kendo-angular-notification": "22.0.1",
        "tslib": "^2.8.1"
      },
      "peerDependencies": {
        "@angular/common": "21.1.3",
        "@angular/core": "21.1.3",
        "@angular/router": "21.1.3",
        "rxjs": "^7.8.2"
      }
    },
    "node_modules/@memberjunction/ng-shared-generic": {
      "version": "5.3.1",
      "resolved": "https://registry.npmjs.org/@memberjunction/ng-shared-generic/-/ng-shared-generic-5.3.1.tgz",
      "integrity": "sha512-3KSB3DDRIHZwUFrYItM6RrHVX1cTtnR/6o005QZ2VtRXa8A+1uJwudgUqEJcWDamAW2nujmNWQrag/0DKTopPw==",
      "dev": true,
      "license": "ISC",
      "dependencies": {
        "@memberjunction/core": "5.3.1",
        "@memberjunction/core-entities": "5.3.1",
        "tslib": "^2.8.1"
      },
      "peerDependencies": {
        "@angular/common": "21.1.3",
        "@angular/core": "21.1.3",
        "rxjs": "^7.8.2"
      }
    },
    "node_modules/@memberjunction/ng-shared/node_modules/@angular/platform-browser": {
      "version": "21.1.3",
      "resolved": "https://registry.npmjs.org/@angular/platform-browser/-/platform-browser-21.1.3.tgz",
      "integrity": "sha512-W+ZMXAioaP7CsACafBCHsIxiiKrRTPOlQ+hcC7XNBwy+bn5mjGONoCgLreQs76M8HNWLtr/OAUAr6h26OguOuA==",
      "dev": true,
      "license": "MIT",
      "dependencies": {
        "tslib": "^2.3.0"
      },
      "engines": {
        "node": "^20.19.0 || ^22.12.0 || >=24.0.0"
      },
      "peerDependencies": {
        "@angular/animations": "21.1.3",
        "@angular/common": "21.1.3",
        "@angular/core": "21.1.3"
      },
      "peerDependenciesMeta": {
        "@angular/animations": {
          "optional": true
        }
      }
    },
    "node_modules/@memberjunction/templates-base-types": {
      "version": "5.3.1",
      "resolved": "https://registry.npmjs.org/@memberjunction/templates-base-types/-/templates-base-types-5.3.1.tgz",
      "integrity": "sha512-HXefSgL3N/17ZcTh0CA2Db2raK8XcCCnvZeagQPSwsaTSuS2waB++rCS4TmNmkFic/wJaraFqvFqPzZqh0lkHw==",
      "dev": true,
      "license": "ISC",
      "dependencies": {
        "@memberjunction/core": "5.3.1",
        "@memberjunction/core-entities": "5.3.1",
        "@memberjunction/global": "5.3.1"
      }
    },
    "node_modules/@progress/kendo-angular-notification": {
      "version": "22.0.1",
      "resolved": "https://registry.npmjs.org/@progress/kendo-angular-notification/-/kendo-angular-notification-22.0.1.tgz",
      "integrity": "sha512-Nlmaay/3Rvv9CgXUc2+/91aoEh3XhbSiryOC5J0ygK2TQfh2iOdaQWxValWChRnB1WNpy2Ucl/3+NqtDSe7XfQ==",
      "dev": true,
      "license": "SEE LICENSE IN LICENSE.md",
      "dependencies": {
        "@progress/kendo-angular-schematics": "22.0.1",
        "tslib": "^2.3.1"
      },
      "peerDependencies": {
        "@angular/animations": "19 - 21",
        "@angular/common": "19 - 21",
        "@angular/core": "19 - 21",
        "@angular/platform-browser": "19 - 21",
        "@progress/kendo-angular-common": "22.0.1",
        "@progress/kendo-angular-icons": "22.0.1",
        "@progress/kendo-angular-l10n": "22.0.1",
        "@progress/kendo-licensing": "^1.7.0",
        "rxjs": "^6.5.3 || ^7.0.0"
      }
    },
    "node_modules/@progress/kendo-angular-schematics": {
      "version": "22.0.1",
      "resolved": "https://registry.npmjs.org/@progress/kendo-angular-schematics/-/kendo-angular-schematics-22.0.1.tgz",
      "integrity": "sha512-vy9wthNk7xfy7urGFrBXK0y+BFyeIU/OogsidwwJojPSQYNFX1iGGBsJ9xCndEm6xLfUgnOI3BEAQtLOFBGsKA==",
      "dev": true,
      "license": "SEE LICENSE in LICENSE.md",
      "dependencies": {
        "@progress/kendo-angular-schematics": "22.0.1",
        "@types/semver": "^7.5.0",
        "semver": "^7.5.3"
      },
      "peerDependencies": {
        "@angular-devkit/core": "19 - 21",
        "@angular-devkit/schematics": "19 - 21",
        "@angular/core": "19 - 21",
        "@schematics/angular": "19 - 21",
        "rxjs": "^6.5.3 || ^7.0.0"
      }
    },
    "node_modules/@rollup/rollup-linux-x64-gnu": {
      "version": "4.17.2",
      "resolved": "https://registry.npmjs.org/@rollup/rollup-linux-x64-gnu/-/rollup-linux-x64-gnu-4.17.2.tgz",
      "integrity": "sha512-Hy7pLwByUOuyaFC6mAr7m+oMC+V7qyifzs/nW2OJfC8H4hbCzOX07Ov0VFk/zP3kBsELWNFi7rJtgbKYsav9QQ==",
      "cpu": [
        "x64"
      ],
      "dev": true,
      "license": "MIT",
      "optional": true,
      "os": [
        "linux"
      ]
    },
    "node_modules/@standard-schema/spec": {
      "version": "1.1.0",
      "resolved": "https://registry.npmjs.org/@standard-schema/spec/-/spec-1.1.0.tgz",
      "integrity": "sha512-l2aFy5jALhniG5HgqrD6jXLi/rUWrKvqN/qJx6yoJsgKhblVd+iqqU4RCXavm/jPityDo5TCvKMnpjKnOriy0w==",
      "dev": true,
      "license": "MIT"
    },
    "node_modules/@tempfix/idb": {
      "version": "8.0.3",
      "resolved": "https://registry.npmjs.org/@tempfix/idb/-/idb-8.0.3.tgz",
      "integrity": "sha512-hPJQKO7+oAIY+pDNImrZ9QAINbz9KmwT+yO4iRVwdPanok2YKpaUxdJzIvCUwY0YgAawlvYdffbLvRLV5hbs2g==",
      "dev": true,
      "license": "ISC"
    },
    "node_modules/@types/semver": {
      "version": "7.7.1",
      "resolved": "https://registry.npmjs.org/@types/semver/-/semver-7.7.1.tgz",
      "integrity": "sha512-FmgJfu+MOcQ370SD0ev7EI8TlCAfKYU+B4m5T3yXc1CiRN94g/SZPtsCkk506aUDtlMnFZvasDwHHUcZUEaYuA==",
      "dev": true,
      "license": "MIT"
    },
    "node_modules/date-fns": {
      "version": "4.1.0",
      "resolved": "https://registry.npmjs.org/date-fns/-/date-fns-4.1.0.tgz",
      "integrity": "sha512-Ukq0owbQXxa/U3EGtsdVBkR1w7KOQ5gIBqdH2hkvknzZPYvBxb/aa6E8L7tmjFtkwZBu3UXBbjIgPo/Ez4xaNg==",
      "dev": true,
      "license": "MIT",
      "funding": {
        "type": "github",
        "url": "https://github.com/sponsors/kossnocorp"
      }
    },
    "node_modules/date-fns-tz": {
      "version": "3.2.0",
      "resolved": "https://registry.npmjs.org/date-fns-tz/-/date-fns-tz-3.2.0.tgz",
      "integrity": "sha512-sg8HqoTEulcbbbVXeg84u5UnlsQa8GS5QXMqjjYIhS4abEVVKIUwe0/l/UhrZdKaL/W5eWZNlbTeEIiOXTcsBQ==",
      "dev": true,
      "license": "MIT",
      "peerDependencies": {
        "date-fns": "^3.0.0 || ^4.0.0"
      }
    },
    "node_modules/debug": {
      "version": "4.4.3",
      "resolved": "https://registry.npmjs.org/debug/-/debug-4.4.3.tgz",
      "integrity": "sha512-RGwwWnwQvkVfavKVt22FGLw+xYSdzARwm0ru6DhTVA3umU5hZc28V3kO4stgYryrTlLpuvgI9GiijltAjNbcqA==",
      "dev": true,
      "license": "MIT",
      "dependencies": {
        "ms": "^2.1.3"
      },
      "engines": {
        "node": ">=6.0"
      },
      "peerDependenciesMeta": {
        "supports-color": {
          "optional": true
        }
      }
    },
    "node_modules/dotenv": {
      "version": "17.3.1",
      "resolved": "https://registry.npmjs.org/dotenv/-/dotenv-17.3.1.tgz",
      "integrity": "sha512-IO8C/dzEb6O3F9/twg6ZLXz164a2fhTnEWb95H23Dm4OuN+92NmEAlTrupP9VW6Jm3sO26tQlqyvyi4CsnY9GA==",
      "dev": true,
      "license": "BSD-2-Clause",
      "engines": {
        "node": ">=12"
      },
      "funding": {
        "url": "https://dotenvx.com"
      }
    },
    "node_modules/golden-layout": {
      "version": "2.6.0",
      "resolved": "https://registry.npmjs.org/golden-layout/-/golden-layout-2.6.0.tgz",
      "integrity": "sha512-sIVQCiRWOymHbVD1Aw/T9/ijbPYAVGBlgGYd1N9MRKfcyBNSpjr87Vg9nSHm+RCT8ELrvK8IJYJV0QRJuVUkCQ==",
      "dev": true,
      "license": "MIT"
    },
    "node_modules/graphql": {
      "version": "16.13.0",
      "resolved": "https://registry.npmjs.org/graphql/-/graphql-16.13.0.tgz",
      "integrity": "sha512-uSisMYERbaB9bkA9M4/4dnqyktaEkf1kMHNKq/7DHyxVeWqHQ2mBmVqm5u6/FVHwF3iCNalKcg82Zfl+tffWoA==",
      "dev": true,
      "license": "MIT",
      "engines": {
        "node": "^12.22.0 || ^14.16.0 || ^16.0.0 || >=17.0.0"
      }
    },
    "node_modules/graphql-request": {
      "version": "7.4.0",
      "resolved": "https://registry.npmjs.org/graphql-request/-/graphql-request-7.4.0.tgz",
      "integrity": "sha512-xfr+zFb/QYbs4l4ty0dltqiXIp07U6sl+tOKAb0t50/EnQek6CVVBLjETXi+FghElytvgaAWtIOt3EV7zLzIAQ==",
      "dev": true,
      "license": "MIT",
      "dependencies": {
        "@graphql-typed-document-node/core": "^3.2.0"
      },
      "peerDependencies": {
        "graphql": "14 - 16"
      }
    },
    "node_modules/graphql-ws": {
      "version": "6.0.7",
      "resolved": "https://registry.npmjs.org/graphql-ws/-/graphql-ws-6.0.7.tgz",
      "integrity": "sha512-yoLRW+KRlDmnnROdAu7sX77VNLC0bsFoZyGQJLy1cF+X/SkLg/fWkRGrEEYQK8o2cafJ2wmEaMqMEZB3U3DYDg==",
      "dev": true,
      "license": "MIT",
      "engines": {
        "node": ">=20"
      },
      "peerDependencies": {
        "@fastify/websocket": "^10 || ^11",
        "crossws": "~0.3",
        "graphql": "^15.10.1 || ^16",
        "ws": "^8"
      },
      "peerDependenciesMeta": {
        "@fastify/websocket": {
          "optional": true
        },
        "crossws": {
          "optional": true
        },
        "ws": {
          "optional": true
        }
      }
    },
    "node_modules/lodash": {
      "version": "4.17.23",
      "resolved": "https://registry.npmjs.org/lodash/-/lodash-4.17.23.tgz",
      "integrity": "sha512-LgVTMpQtIopCi79SJeDiP0TfWi5CNEc/L/aRdTh3yIvmZXTnheWpKjSZhnvMl8iXbC1tFg9gdHHDMLoV7CnG+w==",
      "dev": true,
      "license": "MIT"
    },
    "node_modules/ms": {
      "version": "2.1.3",
      "resolved": "https://registry.npmjs.org/ms/-/ms-2.1.3.tgz",
      "integrity": "sha512-6FlzubTLZG3J2a/NVCAleEhjzq5oxgHyaCU9yYXvcLsvoVaHJq/s5xXI6/XXP6tz7R9xAOtHnSO/tXtF3WRTlA==",
      "dev": true,
      "license": "MIT"
    },
    "node_modules/rxjs": {
      "version": "7.8.2",
      "resolved": "https://registry.npmjs.org/rxjs/-/rxjs-7.8.2.tgz",
      "integrity": "sha512-dhKf903U/PQZY6boNNtAGdWbG85WAbjT/1xYoZIC7FAY0yWapOBQVsVrDl58W86//e1VpMNBtRV4MaXfdMySFA==",
      "dev": true,
      "license": "Apache-2.0",
      "dependencies": {
        "tslib": "^2.1.0"
      }
    },
    "node_modules/semver": {
      "version": "7.7.4",
      "resolved": "https://registry.npmjs.org/semver/-/semver-7.7.4.tgz",
      "integrity": "sha512-vFKC2IEtQnVhpT78h1Yp8wzwrf8CM+MzKMHGJZfBtzhZNycRFnXsHk6E5TxIkkMsgNS7mdX3AGB7x2QM2di4lA==",
      "dev": true,
      "license": "ISC",
      "bin": {
        "semver": "bin/semver.js"
      },
      "engines": {
        "node": ">=10"
      }
    },
    "node_modules/tslib": {
      "version": "2.8.1",
      "resolved": "https://registry.npmjs.org/tslib/-/tslib-2.8.1.tgz",
      "integrity": "sha512-oJFu94HQb+KVduSUQL7wnpmqnfmLsOA/nAh6b6EH0wCEoK0/mPeXU6c3wKDV83MkOuHPRHtSXKKU99IBazS/2w==",
      "dev": true,
      "license": "0BSD"
    },
    "node_modules/typescript": {
      "version": "5.9.3",
      "resolved": "https://registry.npmjs.org/typescript/-/typescript-5.9.3.tgz",
      "integrity": "sha512-jl1vZzPDinLr9eUt3J/t7V6FgNEw9QjvBPdysz9KfQDD41fQrC2Y4vKQdiaUpFT4bXlb1RHhLpp8wtm6M5TgSw==",
      "dev": true,
      "license": "Apache-2.0",
      "bin": {
        "tsc": "bin/tsc",
        "tsserver": "bin/tsserver"
      },
      "engines": {
        "node": ">=14.17"
      }
    },
    "node_modules/uuid": {
      "version": "13.0.0",
      "resolved": "https://registry.npmjs.org/uuid/-/uuid-13.0.0.tgz",
      "integrity": "sha512-XQegIaBTVUjSHliKqcnFqYypAd4S+WCYt5NIeRs6w/UAry7z8Y9j5ZwRRL4kzq9U3sD6v+85er9FvkEaBpji2w==",
      "dev": true,
      "funding": [
        "https://github.com/sponsors/broofa",
        "https://github.com/sponsors/ctavan"
      ],
      "license": "MIT",
      "bin": {
        "uuid": "dist-node/bin/uuid"
      }
    },
    "node_modules/zod": {
      "version": "3.24.4",
      "resolved": "https://registry.npmjs.org/zod/-/zod-3.24.4.tgz",
      "integrity": "sha512-OdqJE9UDRPwWsrHjLN2F8bPxvwJBK22EHLWtanu0LSYr5YqzsaaW3RMgmjwr8Rypg5k+meEJdSPXJZXE/yqOMg==",
      "dev": true,
      "license": "MIT",
      "funding": {
        "url": "https://github.com/sponsors/colinhacks"
      }
    }
  }
}
